Microsoft Visual Studio Solution File, Format Version 12.00
# Visual Studio Version 17
VisualStudioVersion = 17.5.2.0
MinimumVisualStudioVersion = 10.0.40219.1
Project("{FAE04EC0-301F-11D3-BF4B-00C04F79EFBC}") = "Api de cinema", "Api de cinema.csproj", "{24C056D5-E892-5C0E-E7D6-78C92CAE4EEB}"
EndProject
Global
	GlobalSection(SolutionConfigurationPlatforms) = preSolution
		Debug|Any CPU = Debug|Any CPU
		Release|Any CPU = Release|Any CPU
	EndGlobalSection
	GlobalSection(ProjectConfigurationPlatforms) = postSolution
		{24C056D5-E892-5C0E-E7D6-78C92CAE4EEB}.Debug|Any CPU.ActiveCfg = Debug|Any CPU
		{24C056D5-E892-5C0E-E7D6-78C92CAE4EEB}.Debug|Any CPU.Build.0 = Debug|Any CPU
		{24C056D5-E892-5C0E-E7D6-78C92CAE4EEB}.Release|Any CPU.ActiveCfg = Release|Any CPU
		{24C056D5-E892-5C0E-E7D6-78C92CAE4EEB}.Release|Any CPU.Build.0 = Release|Any CPU
	EndGlobalSection
	GlobalSection(SolutionProperties) = preSolution
		HideSolutionNode = FALSE
	EndGlobalSection
	GlobalSection(ExtensibilityGlobals) = postSolution
		SolutionGuid = {2667AC1A-D185-4B03-BF35-F0CDB0040404}
	EndGlobalSection
EndGlobal
